
Microsoft Visual Studio Solution File, Format Version 12.00
# Visual Studio Version 17
VisualStudioVersion = 17.0.31912.275
MinimumVisualStudioVersion = 10.0.40219.1
Project("{2150E333-8FDC-42A3-9474-1A3956D46DE8}") = "Src", "Src", "{DD14E788-88AE-48A4-B080-D57941BBD7FC}"
EndProject
Project("{2150E333-8FDC-42A3-9474-1A3956D46DE8}") = "Mobile", "Mobile", "{B636E0F4-10F9-4836-97CB-6D666395F735}"
EndProject
Project("{FAE04EC0-301F-11D3-BF4B-00C04F79EFBC}") = "HomeCraft.Mobile.Android", "Src\HomeCraft.Mobile\HomeCraft.Mobile.Android\HomeCraft.Mobile.Android.csproj", "{7CFD6B94-390A-446F-9524-C3A1FF7FDBF3}"
EndProject
Project("{FAE04EC0-301F-11D3-BF4B-00C04F79EFBC}") = "HomeCraft.Mobile.iOS", "Src\HomeCraft.Mobile\HomeCraft.Mobile.iOS\HomeCraft.Mobile.iOS.csproj", "{C3382E39-0D37-4737-949F-E903300A59D9}"
EndProject
Project("{FAE04EC0-301F-11D3-BF4B-00C04F79EFBC}") = "HomeCraft.Mobile", "Src\HomeCraft.Mobile\HomeCraft.Mobile\HomeCraft.Mobile.csproj", "{0626BB55-17F1-415E-8F51-9164D5FED588}"
EndProject
Project("{2150E333-8FDC-42A3-9474-1A3956D46DE8}") = "API", "API", "{953561D6-3AAD-4516-A037-A3E7C82ADA9B}"
EndProject
Project("{FAE04EC0-301F-11D3-BF4B-00C04F79EFBC}") = "HomeCraft.API", "Src\HomeCraft.API\HomeCraft.API.csproj", "{E996A230-87E4-40A5-AA09-46A07AEF27F9}"
EndProject
Global
	GlobalSection(SolutionConfigurationPlatforms) = preSolution
		Debug|Any CPU = Debug|Any CPU
		Debug|iPhone = Debug|iPhone
		Debug|iPhoneSimulator = Debug|iPhoneSimulator
		Release|Any CPU = Release|Any CPU
		Release|iPhone = Release|iPhone
		Release|iPhoneSimulator = Release|iPhoneSimulator
	EndGlobalSection
	GlobalSection(ProjectConfigurationPlatforms) = postSolution
		{7CFD6B94-390A-446F-9524-C3A1FF7FDBF3}.Debug|Any CPU.ActiveCfg = Debug|Any CPU
		{7CFD6B94-390A-446F-9524-C3A1FF7FDBF3}.Debug|Any CPU.Build.0 = Debug|Any CPU
		{7CFD6B94-390A-446F-9524-C3A1FF7FDBF3}.Debug|Any CPU.Deploy.0 = Debug|Any CPU
		{7CFD6B94-390A-446F-9524-C3A1FF7FDBF3}.Debug|iPhone.ActiveCfg = Debug|Any CPU
		{7CFD6B94-390A-446F-9524-C3A1FF7FDBF3}.Debug|iPhone.Build.0 = Debug|Any CPU
		{7CFD6B94-390A-446F-9524-C3A1FF7FDBF3}.Debug|iPhone.Deploy.0 = Debug|Any CPU
		{7CFD6B94-390A-446F-9524-C3A1FF7FDBF3}.Debug|iPhoneSimulator.ActiveCfg = Debug|Any CPU
		{7CFD6B94-390A-446F-9524-C3A1FF7FDBF3}.Debug|iPhoneSimulator.Build.0 = Debug|Any CPU
		{7CFD6B94-390A-446F-9524-C3A1FF7FDBF3}.Debug|iPhoneSimulator.Deploy.0 = Debug|Any CPU
		{7CFD6B94-390A-446F-9524-C3A1FF7FDBF3}.Release|Any CPU.ActiveCfg = Release|Any CPU
		{7CFD6B94-390A-446F-9524-C3A1FF7FDBF3}.Release|Any CPU.Build.0 = Release|Any CPU
		{7CFD6B94-390A-446F-9524-C3A1FF7FDBF3}.Release|Any CPU.Deploy.0 = Release|Any CPU
		{7CFD6B94-390A-446F-9524-C3A1FF7FDBF3}.Release|iPhone.ActiveCfg = Release|Any CPU
		{7CFD6B94-390A-446F-9524-C3A1FF7FDBF3}.Release|iPhone.Build.0 = Release|Any CPU
		{7CFD6B94-390A-446F-9524-C3A1FF7FDBF3}.Release|iPhone.Deploy.0 = Release|Any CPU
		{7CFD6B94-390A-446F-9524-C3A1FF7FDBF3}.Release|iPhoneSimulator.ActiveCfg = Release|Any CPU
		{7CFD6B94-390A-446F-9524-C3A1FF7FDBF3}.Release|iPhoneSimulator.Build.0 = Release|Any CPU
		{7CFD6B94-390A-446F-9524-C3A1FF7FDBF3}.Release|iPhoneSimulator.Deploy.0 = Release|Any CPU
		{C3382E39-0D37-4737-949F-E903300A59D9}.Debug|Any CPU.ActiveCfg = Debug|iPhoneSimulator
		{C3382E39-0D37-4737-949F-E903300A59D9}.Debug|Any CPU.Build.0 = Debug|iPhoneSimulator
		{C3382E39-0D37-4737-949F-E903300A59D9}.Debug|iPhone.ActiveCfg = Debug|iPhone
		{C3382E39-0D37-4737-949F-E903300A59D9}.Debug|iPhone.Build.0 = Debug|iPhone
		{C3382E39-0D37-4737-949F-E903300A59D9}.Debug|iPhoneSimulator.ActiveCfg = Debug|iPhoneSimulator
		{C3382E39-0D37-4737-949F-E903300A59D9}.Debug|iPhoneSimulator.Build.0 = Debug|iPhoneSimulator
		{C3382E39-0D37-4737-949F-E903300A59D9}.Release|Any CPU.ActiveCfg = Release|iPhoneSimulator
		{C3382E39-0D37-4737-949F-E903300A59D9}.Release|Any CPU.Build.0 = Release|iPhoneSimulator
		{C3382E39-0D37-4737-949F-E903300A59D9}.Release|iPhone.ActiveCfg = Release|iPhone
		{C3382E39-0D37-4737-949F-E903300A59D9}.Release|iPhone.Build.0 = Release|iPhone
		{C3382E39-0D37-4737-949F-E903300A59D9}.Release|iPhoneSimulator.ActiveCfg = Release|iPhoneSimulator
		{C3382E39-0D37-4737-949F-E903300A59D9}.Release|iPhoneSimulator.Build.0 = Release|iPhoneSimulator
		{0626BB55-17F1-415E-8F51-9164D5FED588}.Debug|Any CPU.ActiveCfg = Debug|Any CPU
		{0626BB55-17F1-415E-8F51-9164D5FED588}.Debug|Any CPU.Build.0 = Debug|Any CPU
		{0626BB55-17F1-415E-8F51-9164D5FED588}.Debug|iPhone.ActiveCfg = Debug|Any CPU
		{0626BB55-17F1-415E-8F51-9164D5FED588}.Debug|iPhone.Build.0 = Debug|Any CPU
		{0626BB55-17F1-415E-8F51-9164D5FED588}.Debug|iPhoneSimulator.ActiveCfg = Debug|Any CPU
		{0626BB55-17F1-415E-8F51-9164D5FED588}.Debug|iPhoneSimulator.Build.0 = Debug|Any CPU
		{0626BB55-17F1-415E-8F51-9164D5FED588}.Release|Any CPU.ActiveCfg = Release|Any CPU
		{0626BB55-17F1-415E-8F51-9164D5FED588}.Release|Any CPU.Build.0 = Release|Any CPU
		{0626BB55-17F1-415E-8F51-9164D5FED588}.Release|iPhone.ActiveCfg = Release|Any CPU
		{0626BB55-17F1-415E-8F51-9164D5FED588}.Release|iPhone.Build.0 = Release|Any CPU
		{0626BB55-17F1-415E-8F51-9164D5FED588}.Release|iPhoneSimulator.ActiveCfg = Release|Any CPU
		{0626BB55-17F1-415E-8F51-9164D5FED588}.Release|iPhoneSimulator.Build.0 = Release|Any CPU
		{E996A230-87E4-40A5-AA09-46A07AEF27F9}.Debug|Any CPU.ActiveCfg = Debug|Any CPU
		{E996A230-87E4-40A5-AA09-46A07AEF27F9}.Debug|Any CPU.Build.0 = Debug|Any CPU
		{E996A230-87E4-40A5-AA09-46A07AEF27F9}.Debug|iPhone.ActiveCfg = Debug|Any CPU
		{E996A230-87E4-40A5-AA09-46A07AEF27F9}.Debug|iPhone.Build.0 = Debug|Any CPU
		{E996A230-87E4-40A5-AA09-46A07AEF27F9}.Debug|iPhoneSimulator.ActiveCfg = Debug|Any CPU
		{E996A230-87E4-40A5-AA09-46A07AEF27F9}.Debug|iPhoneSimulator.Build.0 = Debug|Any CPU
		{E996A230-87E4-40A5-AA09-46A07AEF27F9}.Release|Any CPU.ActiveCfg = Release|Any CPU
		{E996A230-87E4-40A5-AA09-46A07AEF27F9}.Release|Any CPU.Build.0 = Release|Any CPU
		{E996A230-87E4-40A5-AA09-46A07AEF27F9}.Release|iPhone.ActiveCfg = Release|Any CPU
		{E996A230-87E4-40A5-AA09-46A07AEF27F9}.Release|iPhone.Build.0 = Release|Any CPU
		{E996A230-87E4-40A5-AA09-46A07AEF27F9}.Release|iPhoneSimulator.ActiveCfg = Release|Any CPU
		{E996A230-87E4-40A5-AA09-46A07AEF27F9}.Release|iPhoneSimulator.Build.0 = Release|Any CPU
	EndGlobalSection
	GlobalSection(SolutionProperties) = preSolution
		HideSolutionNode = FALSE
	EndGlobalSection
	GlobalSection(NestedProjects) = preSolution
		{B636E0F4-10F9-4836-97CB-6D666395F735} = {DD14E788-88AE-48A4-B080-D57941BBD7FC}
		{7CFD6B94-390A-446F-9524-C3A1FF7FDBF3} = {B636E0F4-10F9-4836-97CB-6D666395F735}
		{C3382E39-0D37-4737-949F-E903300A59D9} = {B636E0F4-10F9-4836-97CB-6D666395F735}
		{0626BB55-17F1-415E-8F51-9164D5FED588} = {B636E0F4-10F9-4836-97CB-6D666395F735}
		{953561D6-3AAD-4516-A037-A3E7C82ADA9B} = {DD14E788-88AE-48A4-B080-D57941BBD7FC}
		{E996A230-87E4-40A5-AA09-46A07AEF27F9} = {953561D6-3AAD-4516-A037-A3E7C82ADA9B}
	EndGlobalSection
	GlobalSection(ExtensibilityGlobals) = postSolution
		SolutionGuid = {0E514E05-96D1-49E1-A451-734FDA17CB67}
	EndGlobalSection
EndGlobal
